
Microsoft Visual Studio Solution File, Format Version 12.00
# Visual Studio Version 17
VisualStudioVersion = 17.8.34525.116
MinimumVisualStudioVersion = 10.0.40219.1
Project("{9A19103F-16F7-4668-BE54-9A1E7A4F7556}") = "HRMS", "HRMS.csproj", "{FB8A2E77-8582-4009-B8DB-3F7F1EBBD523}"
EndProject
Global
	GlobalSection(SolutionConfigurationPlatforms) = preSolution
		Debug|Any CPU = Debug|Any CPU
		Release|Any CPU = Release|Any CPU
	EndGlobalSection
	GlobalSection(ProjectConfigurationPlatforms) = postSolution
		{FB8A2E77-8582-4009-B8DB-3F7F1EBBD523}.Debug|Any CPU.ActiveCfg = Debug|Any CPU
		{FB8A2E77-8582-4009-B8DB-3F7F1EBBD523}.Debug|Any CPU.Build.0 = Debug|Any CPU
		{FB8A2E77-8582-4009-B8DB-3F7F1EBBD523}.Release|Any CPU.ActiveCfg = Release|Any CPU
		{FB8A2E77-8582-4009-B8DB-3F7F1EBBD523}.Release|Any CPU.Build.0 = Release|Any CPU
	EndGlobalSection
	GlobalSection(SolutionProperties) = preSolution
		HideSolutionNode = FALSE
	EndGlobalSection
	GlobalSection(ExtensibilityGlobals) = postSolution
		SolutionGuid = {AF92CD5D-B3BD-4C80-9D8C-968F8E89D366}
	EndGlobalSection
EndGlobal
